{
  "requires": true,
  "lockfileVersion": 1,
  "dependencies": {
    "ace-builds": {
      "version": "1.4.4",
      "resolved": "https://registry.npmjs.org/ace-builds/-/ace-builds-1.4.4.tgz",
      "integrity": "sha512-EQArUYup9c3lBv8meKBjisff/qhhQmU/6LnLhVDfxe+Bnjr0Lz7qhL4Mp8HpwNQzmCqLunjdPFuBtCELVVG6zw=="
    }
  }
}
